<?xml version="1.0" encoding="utf-8"?>
<Project ToolsVersion="4.0" xmlns="http://schemas.microsoft.com/developer/msbuild/2003">
  <ItemGroup>
    <Filter Include="Resource Files">
      <UniqueIdentifier>{67DA6AB6-F800-4c08-8B7A-83BB121AAD01}</UniqueIdentifier>
      <Extensions>rc;ico;cur;bmp;dlg;rc2;rct;bin;rgs;gif;jpg;jpeg;jpe;resx;tiff;tif;png;wav;mfcribbon-ms</Extensions>
    </Filter>
    <Filter Include="Utils">
      <UniqueIdentifier>{6a9abbbf-61c5-4842-b00e-e0f3bdb3cff8}</UniqueIdentifier>
    </Filter>
    <Filter Include="RapidXML">
      <UniqueIdentifier>{41b42177-4263-4845-86cb-99e7d156b29b}</UniqueIdentifier>
    </Filter>
  </ItemGroup>
  <ItemGroup>
    <ClCompile Include="Main.cpp" />
    <ClCompile Include="Sprite.cpp" />
    <ClCompile Include="SpriteManager.cpp" />
    <ClCompile Include="Utils.cpp">
      <Filter>Utils</Filter>
    </ClCompile>
    <ClCompile Include="stb_image.cpp">
      <Filter>Utils</Filter>
    </ClCompile>
  </ItemGroup>
  <ItemGroup>
    <ClInclude Include="Sprite.h" />
    <ClInclude Include="common.h" />
    <ClInclude Include="SpriteManager.h" />
    <ClInclude Include="Utils.h">
      <Filter>Utils</Filter>
    </ClInclude>
    <ClInclude Include="stb_image.h">
      <Filter>Utils</Filter>
    </ClInclude>
    <ClInclude Include="rapidxml.hpp">
      <Filter>RapidXML</Filter>
    </ClInclude>
    <ClInclude Include="rapidxml_iterators.hpp">
      <Filter>RapidXML</Filter>
    </ClInclude>
    <ClInclude Include="rapidxml_print.hpp">
      <Filter>RapidXML</Filter>
    </ClInclude>
    <ClInclude Include="rapidxml_utils.hpp">
      <Filter>RapidXML</Filter>
    </ClInclude>
  </ItemGroup>
</Project>